// !$*UTF8*$!
{
	archiveVersion = 1;
	classes = {
	};
	objectVersion = 50;
	objects = {

/* Begin PBXBuildFile section */
		BE18089B211E0AFB00BFBB36 /* UserType.m in Sources */ = {isa = PBXBuildFile; fileRef = BE18089A211E0AFB00BFBB36 /* UserType.m */; };
		BE18089E211E0CBE00BFBB36 /* Bank.m in Sources */ = {isa = PBXBuildFile; fileRef = BE18089D211E0CBE00BFBB36 /* Bank.m */; };
		BE83C839211CC7F00026F2F0 /* main.m in Sources */ = {isa = PBXBuildFile; fileRef = BE83C838211CC7F00026F2F0 /* main.m */; };
		BE83C843211CDB060026F2F0 /* BankNote.m in Sources */ = {isa = PBXBuildFile; fileRef = BE83C842211CDB060026F2F0 /* BankNote.m */; };
		BE83C846211CDC680026F2F0 /* UserInterface.m in Sources */ = {isa = PBXBuildFile; fileRef = BE83C845211CDC680026F2F0 /* UserInterface.m */; };
/* End PBXBuildFile section */

/* Begin PBXCopyFilesBuildPhase section */
		BE83C833211CC7F00026F2F0 /* CopyFiles */ = {
			isa = PBXCopyFilesBuildPhase;
			buildActionMask = 2147483647;
			dstPath = /usr/share/man/man1/;
			dstSubfolderSpec = 0;
			files = (
			);
			runOnlyForDeploymentPostprocessing = 1;
		};
/* End PBXCopyFilesBuildPhase section */

/* Begin PBXFileReference section */
		BE18089A211E0AFB00BFBB36 /* UserType.m */ = {isa = PBXFileReference; lastKnownFileType = sourcecode.c.objc; path = UserType.m; sourceTree = "<group>"; };
		BE18089C211E0CBE00BFBB36 /* Bank.h */ = {isa = PBXFileReference; lastKnownFileType = sourcecode.c.h; path = Bank.h; sourceTree = "<group>"; };
		BE18089D211E0CBE00BFBB36 /* Bank.m */ = {isa = PBXFileReference; lastKnownFileType = sourcecode.c.objc; path = Bank.m; sourceTree = "<group>"; };
		BE18089F211E2A0500BFBB36 /* BankDelegate.h */ = {isa = PBXFileReference; lastKnownFileType = sourcecode.c.h; path = BankDelegate.h; sourceTree = "<group>"; };
		BE83C835211CC7F00026F2F0 /* ObjCTests */ = {isa = PBXFileReference; explicitFileType = "compiled.mach-o.executable"; includeInIndex = 0; path = ObjCTests; sourceTree = BUILT_PRODUCTS_DIR; };
		BE83C838211CC7F00026F2F0 /* main.m */ = {isa = PBXFileReference; lastKnownFileType = sourcecode.c.objc; path = main.m; sourceTree = "<group>"; };
		BE83C842211CDB060026F2F0 /* BankNote.m */ = {isa = PBXFileReference; lastKnownFileType = sourcecode.c.objc; path = BankNote.m; sourceTree = "<group>"; };
		BE83C844211CDC680026F2F0 /* UserInterface.h */ = {isa = PBXFileReference; lastKnownFileType = sourcecode.c.h; path = UserInterface.h; sourceTree = "<group>"; };
		BE83C845211CDC680026F2F0 /* UserInterface.m */ = {isa = PBXFileReference; lastKnownFileType = sourcecode.c.objc; path = UserInterface.m; sourceTree = "<group>"; };
/* End PBXFileReference section */

/* Begin PBXFrameworksBuildPhase section */
		BE83C832211CC7F00026F2F0 /* Frameworks */ = {
			isa = PBXFrameworksBuildPhase;
			buildActionMask = 2147483647;
			files = (
			);
			runOnlyForDeploymentPostprocessing = 0;
		};
/* End PBXFrameworksBuildPhase section */

/* Begin PBXGroup section */
		BE83C82C211CC7F00026F2F0 = {
			isa = PBXGroup;
			children = (
				BE83C837211CC7F00026F2F0 /* ObjCTests */,
				BE83C836211CC7F00026F2F0 /* Products */,
			);
			sourceTree = "<group>";
		};
		BE83C836211CC7F00026F2F0 /* Products */ = {
			isa = PBXGroup;
			children = (
				BE83C835211CC7F00026F2F0 /* ObjCTests */,
			);
			name = Products;
			sourceTree = "<group>";
		};
		BE83C837211CC7F00026F2F0 /* ObjCTests */ = {
			isa = PBXGroup;
			children = (
				BE83C838211CC7F00026F2F0 /* main.m */,
				BE83C842211CDB060026F2F0 /* BankNote.m */,
				BE83C844211CDC680026F2F0 /* UserInterface.h */,
				BE83C845211CDC680026F2F0 /* UserInterface.m */,
				BE18089A211E0AFB00BFBB36 /* UserType.m */,
				BE18089C211E0CBE00BFBB36 /* Bank.h */,
				BE18089D211E0CBE00BFBB36 /* Bank.m */,
				BE18089F211E2A0500BFBB36 /* BankDelegate.h */,
			);
			path = ObjCTests;
			sourceTree = "<group>";
		};
/* End PBXGroup section */

/* Begin PBXNativeTarget section */
		BE83C834211CC7F00026F2F0 /* ObjCTests */ = {
			isa = PBXNativeTarget;
			buildConfigurationList = BE83C83C211CC7F00026F2F0 /* Build configuration list for PBXNativeTarget "ObjCTests" */;
			buildPhases = (
				BE83C831211CC7F00026F2F0 /* Sources */,
				BE83C832211CC7F00026F2F0 /* Frameworks */,
				BE83C833211CC7F00026F2F0 /* CopyFiles */,
			);
			buildRules = (
			);
			dependencies = (
			);
			name = ObjCTests;
			productName = ObjCTests;
			productReference = BE83C835211CC7F00026F2F0 /* ObjCTests */;
			productType = "com.apple.product-type.tool";
		};
/* End PBXNativeTarget section */

/* Begin PBXProject section */
		BE83C82D211CC7F00026F2F0 /* Project object */ = {
			isa = PBXProject;
			attributes = {
				LastUpgradeCheck = 0940;
				ORGANIZATIONNAME = "Ada 2018";
				TargetAttributes = {
					BE83C834211CC7F00026F2F0 = {
						CreatedOnToolsVersion = 9.4.1;
					};
				};
			};
			buildConfigurationList = BE83C830211CC7F00026F2F0 /* Build configuration list for PBXProject "ObjCTests" */;
			compatibilityVersion = "Xcode 9.3";
			developmentRegion = en;
			hasScannedForEncodings = 0;
			knownRegions = (
				en,
			);
			mainGroup = BE83C82C211CC7F00026F2F0;
			productRefGroup = BE83C836211CC7F00026F2F0 /* Products */;
			projectDirPath = "";
			projectRoot = "";
			targets = (
				BE83C834211CC7F00026F2F0 /* ObjCTests */,
			);
		};
/* End PBXProject section */

/* Begin PBXSourcesBuildPhase section */
		BE83C831211CC7F00026F2F0 /* Sources */ = {
			isa = PBXSourcesBuildPhase;
			buildActionMask = 2147483647;
			files = (
				BE83C843211CDB060026F2F0 /* BankNote.m in Sources */,
				BE83C846211CDC680026F2F0 /* UserInterface.m in Sources */,
				BE18089B211E0AFB00BFBB36 /* UserType.m in Sources */,
				BE83C839211CC7F00026F2F0 /* main.m in Sources */,
				BE18089E211E0CBE00BFBB36 /* Bank.m in Sources */,
			);
			runOnlyForDeploymentPostprocessing = 0;
		};
/* End PBXSourcesBuildPhase section */

/* Begin XCBuildConfiguration section */
		BE83C83A211CC7F00026F2F0 /* Debug */ = {
			isa = XCBuildConfiguration;
			buildSettings = {
				ALWAYS_SEARCH_USER_PATHS = NO;
				CLANG_ANALYZER_NONNULL = YES;
				CLANG_ANALYZER_NUMBER_OBJECT_CONVERSION = YES_AGGRESSIVE;
				CLANG_CXX_LANGUAGE_STANDARD = "gnu++14";
				CLANG_CXX_LIBRARY = "libc++";
				CLANG_ENABLE_MODULES = YES;
				CLANG_ENABLE_OBJC_ARC = YES;
				CLANG_ENABLE_OBJC_WEAK = YES;
				CLANG_WARN_BLOCK_CAPTURE_AUTORELEASING = YES;
				CLANG_WARN_BOOL_CONVERSION = YES;
				CLANG_WARN_COMMA = YES;
				CLANG_WARN_CONSTANT_CONVERSION = YES;
				CLANG_WARN_DEPRECATED_OBJC_IMPLEMENTATIONS = YES;
				CLANG_WARN_DIRECT_OBJC_ISA_USAGE = YES_ERROR;
				CLANG_WARN_DOCUMENTATION_COMMENTS = YES;
				CLANG_WARN_EMPTY_BODY = YES;
				CLANG_WARN_ENUM_CONVERSION = YES;
				CLANG_WARN_INFINITE_RECURSION = YES;
				CLANG_WARN_INT_CONVERSION = YES;
				CLANG_WARN_NON_LITERAL_NULL_CONVERSION = YES;
				CLANG_WARN_OBJC_IMPLICIT_RETAIN_SELF = YES;
				CLANG_WARN_OBJC_LITERAL_CONVERSION = YES;
				CLANG_WARN_OBJC_ROOT_CLASS = YES_ERROR;
				CLANG_WARN_RANGE_LOOP_ANALYSIS = YES;
				CLANG_WARN_STRICT_PROTOTYPES = YES;
				CLANG_WARN_SUSPICIOUS_MOVE = YES;
				CLANG_WARN_UNGUARDED_AVAILABILITY = YES_AGGRESSIVE;
				CLANG_WARN_UNREACHABLE_CODE = YES;
				CLANG_WARN__DUPLICATE_METHOD_MATCH = YES;
				CODE_SIGN_IDENTITY = "-";
				COPY_PHASE_STRIP = NO;
				DEBUG_INFORMATION_FORMAT = dwarf;
				ENABLE_STRICT_OBJC_MSGSEND = YES;
				ENABLE_TESTABILITY = YES;
				GCC_C_LANGUAGE_STANDARD = gnu11;
				GCC_DYNAMIC_NO_PIC = NO;
				GCC_NO_COMMON_BLOCKS = YES;
				GCC_OPTIMIZATION_LEVEL = 0;
				GCC_PREPROCESSOR_DEFINITIONS = (
					"DEBUG=1",
					"$(inherited)",
				);
				GCC_WARN_64_TO_32_BIT_CONVERSION = YES;
				GCC_WARN_ABOUT_RETURN_TYPE = YES_ERROR;
				GCC_WARN_UNDECLARED_SELECTOR = YES;
				GCC_WARN_UNINITIALIZED_AUTOS = YES_AGGRESSIVE;
				GCC_WARN_UNUSED_FUNCTION = YES;
				GCC_WARN_UNUSED_VARIABLE = YES;
				MACOSX_DEPLOYMENT_TARGET = 10.13;
				MTL_ENABLE_DEBUG_INFO = YES;
				ONLY_ACTIVE_ARCH = YES;
				SDKROOT = macosx;
			};
			name = Debug;
		};
		BE83C83B211CC7F00026F2F0 /* Release */ = {
			isa = XCBuildConfiguration;
			buildSettings = {
				ALWAYS_SEARCH_USER_PATHS = NO;
				CLANG_ANALYZER_NONNULL = YES;
				CLANG_ANALYZER_NUMBER_OBJECT_CONVERSION = YES_AGGRESSIVE;
				CLANG_CXX_LANGUAGE_STANDARD = "gnu++14";
				CLANG_CXX_LIBRARY = "libc++";
				CLANG_ENABLE_MODULES = YES;
				CLANG_ENABLE_OBJC_ARC = YES;
				CLANG_ENABLE_OBJC_WEAK = YES;
				CLANG_WARN_BLOCK_CAPTURE_AUTORELEASING = YES;
				CLANG_WARN_BOOL_CONVERSION = YES;
				CLANG_WARN_COMMA = YES;
				CLANG_WARN_CONSTANT_CONVERSION = YES;
				CLANG_WARN_DEPRECATED_OBJC_IMPLEMENTATIONS = YES;
				CLANG_WARN_DIRECT_OBJC_ISA_USAGE = YES_ERROR;
				CLANG_WARN_DOCUMENTATION_COMMENTS = YES;
				CLANG_WARN_EMPTY_BODY = YES;
				CLANG_WARN_ENUM_CONVERSION = YES;
				CLANG_WARN_INFINITE_RECURSION = YES;
				CLANG_WARN_INT_CONVERSION = YES;
				CLANG_WARN_NON_LITERAL_NULL_CONVERSION = YES;
				CLANG_WARN_OBJC_IMPLICIT_RETAIN_SELF = YES;
				CLANG_WARN_OBJC_LITERAL_CONVERSION = YES;
				CLANG_WARN_OBJC_ROOT_CLASS = YES_ERROR;
				CLANG_WARN_RANGE_LOOP_ANALYSIS = YES;
				CLANG_WARN_STRICT_PROTOTYPES = YES;
				CLANG_WARN_SUSPICIOUS_MOVE = YES;
				CLANG_WARN_UNGUARDED_AVAILABILITY = YES_AGGRESSIVE;
				CLANG_WARN_UNREACHABLE_CODE = YES;
				CLANG_WARN__DUPLICATE_METHOD_MATCH = YES;
				CODE_SIGN_IDENTITY = "-";
				COPY_PHASE_STRIP = NO;
				DEBUG_INFORMATION_FORMAT = "dwarf-with-dsym";
				ENABLE_NS_ASSERTIONS = NO;
				ENABLE_STRICT_OBJC_MSGSEND = YES;
				GCC_C_LANGUAGE_STANDARD = gnu11;
				GCC_NO_COMMON_BLOCKS = YES;
				GCC_WARN_64_TO_32_BIT_CONVERSION = YES;
				GCC_WARN_ABOUT_RETURN_TYPE = YES_ERROR;
				GCC_WARN_UNDECLARED_SELECTOR = YES;
				GCC_WARN_UNINITIALIZED_AUTOS = YES_AGGRESSIVE;
				GCC_WARN_UNUSED_FUNCTION = YES;
				GCC_WARN_UNUSED_VARIABLE = YES;
				MACOSX_DEPLOYMENT_TARGET = 10.13;
				MTL_ENABLE_DEBUG_INFO = NO;
				SDKROOT = macosx;
			};
			name = Release;
		};
		BE83C83D211CC7F00026F2F0 /* Debug */ = {
			isa = XCBuildConfiguration;
			buildSettings = {
				CODE_SIGN_STYLE = Automatic;
				PRODUCT_NAME = "$(TARGET_NAME)";
			};
			name = Debug;
		};
		BE83C83E211CC7F00026F2F0 /* Release */ = {
			isa = XCBuildConfiguration;
			buildSettings = {
				CODE_SIGN_STYLE = Automatic;
				PRODUCT_NAME = "$(TARGET_NAME)";
			};
			name = Release;
		};
/* End XCBuildConfiguration section */

/* Begin XCConfigurationList section */
		BE83C830211CC7F00026F2F0 /* Build configuration list for PBXProject "ObjCTests" */ = {
			isa = XCConfigurationList;
			buildConfigurations = (
				BE83C83A211CC7F00026F2F0 /* Debug */,
				BE83C83B211CC7F00026F2F0 /* Release */,
			);
			defaultConfigurationIsVisible = 0;
			defaultConfigurationName = Release;
		};
		BE83C83C211CC7F00026F2F0 /* Build configuration list for PBXNativeTarget "ObjCTests" */ = {
			isa = XCConfigurationList;
			buildConfigurations = (
				BE83C83D211CC7F00026F2F0 /* Debug */,
				BE83C83E211CC7F00026F2F0 /* Release */,
			);
			defaultConfigurationIsVisible = 0;
			defaultConfigurationName = Release;
		};
/* End XCConfigurationList section */
	};
	rootObject = BE83C82D211CC7F00026F2F0 /* Project object */;
}
